
Microsoft Visual Studio Solution File, Format Version 12.00
# Visual Studio Version 16
VisualStudioVersion = 16.0.31410.357
MinimumVisualStudioVersion = 10.0.40219.1
Project("{FAE04EC0-301F-11D3-BF4B-00C04F79EFBC}") = "Project_User_Product", "Project_User_Product\Project_User_Product.csproj", "{649C0C38-B5AA-405B-BA3A-050755A7ECF6}"
EndProject
Global
	GlobalSection(SolutionConfigurationPlatforms) = preSolution
		Debug|Any CPU = Debug|Any CPU
		Release|Any CPU = Release|Any CPU
	EndGlobalSection
	GlobalSection(ProjectConfigurationPlatforms) = postSolution
		{649C0C38-B5AA-405B-BA3A-050755A7ECF6}.Debug|Any CPU.ActiveCfg = Debug|Any CPU
		{649C0C38-B5AA-405B-BA3A-050755A7ECF6}.Debug|Any CPU.Build.0 = Debug|Any CPU
		{649C0C38-B5AA-405B-BA3A-050755A7ECF6}.Release|Any CPU.ActiveCfg = Release|Any CPU
		{649C0C38-B5AA-405B-BA3A-050755A7ECF6}.Release|Any CPU.Build.0 = Release|Any CPU
	EndGlobalSection
	GlobalSection(SolutionProperties) = preSolution
		HideSolutionNode = FALSE
	EndGlobalSection
	GlobalSection(ExtensibilityGlobals) = postSolution
		SolutionGuid = {DFACF57A-9484-4F42-99A3-407149062495}
	EndGlobalSection
EndGlobal
